{
  "nodes": {
    "bun2nix": {
      "inputs": {
        "flake-parts": "flake-parts",
        "nixpkgs": [
          "nixpkgs"
        ],
        "systems": "systems",
        "treefmt-nix": "treefmt-nix"
      },
      "locked": {
        "lastModified": 1784665499,
        "narHash": "sha256-9BMxlTxCCDAeoNLtb1a/st7udtTIJep+wpUzquA29VU=",
        "owner": "nix-community",
        "repo": "bun2nix",
        "rev": "0f2a1f0b6f42cebe3b149bf62d38754c5e0e9729",
        "type": "github"
      },
      "original": {
        "owner": "nix-community",
        "repo": "bun2nix",
        "type": "github"
      }
    },
    "flake-parts": {
      "inputs": {
        "nixpkgs-lib": [
          "bun2nix",
          "nixpkgs"
        ]
      },
      "locked": {
        "lastModified": 1782949081,
        "narHash": "sha256-vp6Y/Grm98ESt6ceOkWiHWyZRDV3J1RID4w+6NWK9yA=",
        "owner": "hercules-ci",
        "repo": "flake-parts",
        "rev": "17c9d6cdfc60c64f4ee8d306f9bc0b4ccb51481e",
        "type": "github"
      },
      "original": {
        "owner": "hercules-ci",
        "repo": "flake-parts",
        "type": "github"
      }
    },
    "flake-utils": {
      "inputs": {
        "systems": "systems_2"
      },
      "locked": {
        "lastModified": 1731533236,
        "narHash": "sha256-l0KFg5HjrsfsO/JpG+r7fRrqm12kzFHyUHqHCVpMMbI=",
        "owner": "numtide",
        "repo": "flake-utils",
        "rev": "11707dc2f618dd54ca8739b309ec4fc024de578b",
        "type": "github"
      },
      "original": {
        "owner": "numtide",
        "repo": "flake-utils",
        "type": "github"
      }
    },
    "macos-system-sounds": {
      "flake": false,
      "locked": {
        "lastModified": 1649929184,
        "narHash": "sha256-7Qa/MpYykTIOWkAhhoV1rrhScCkQKgcQAmmR38PdNRc=",
        "owner": "extratone",
        "repo": "macOSsystemsounds",
        "rev": "f3e8dcd8d2318d099ade479ad1b9778ce4e65cc7",
        "type": "github"
      },
      "original": {
        "owner": "extratone",
        "repo": "macOSsystemsounds",
        "type": "github"
      }
    },
    "nixpkgs": {
      "locked": {
        "lastModified": 1782847189,
        "narHash": "sha256-twXPFqFsrrY5r28Zh7Homgcp2gUMBgQ6WDS98Q/3xFI=",
        "owner": "NixOS",
        "repo": "nixpkgs",
        "rev": "b6018f87da91d19d0ab4cf979885689b469cdd41",
        "type": "github"
      },
      "original": {
        "owner": "NixOS",
        "ref": "nixos-25.11",
        "repo": "nixpkgs",
        "type": "github"
      }
    },
    "nixpkgs-opencode": {
      "locked": {
        "lastModified": 1789729165,
        "narHash": "sha256-956201nCm2aYi43jl91bd2iR0xfGUpMUzY0GsExQOwA=",
        "owner": "NixOS",
        "repo": "nixpkgs",
        "rev": "99b76fd9b396189197d2ecce519ab6d7cd522ab5",
        "type": "github"
      },
      "original": {
        "owner": "NixOS",
        "repo": "nixpkgs",
        "rev": "99b76fd9b396189197d2ecce519ab6d7cd522ab5",
        "type": "github"
      }
    },
    "opencode-anthropic-auth": {
      "flake": false,
      "locked": {
        "lastModified": 1790097480,
        "narHash": "sha256-jFrhhqCMaj1HHq1aXKtr8w0LuAeMqlbe7rPDZfhaGDU=",
        "owner": "ex-machina-co",
        "repo": "opencode-anthropic-auth",
        "rev": "78c1df48272128a81f7586dc0b74d856b54f56b1",
        "type": "github"
      },
      "original": {
        "owner": "ex-machina-co",
        "ref": "v1.8.5",
        "repo": "opencode-anthropic-auth",
        "type": "github"
      }
    },
    "opencode-notifier": {
      "flake": false,
      "locked": {
        "lastModified": 1771864415,
        "narHash": "sha256-Ne4X4q5LidbHax9HZu22qk/jQg2k+aA09c9E7cs4KR4=",
        "owner": "mohak34",
        "repo": "opencode-notifier",
        "rev": "c8f0d6ecaa7f4cf3b3078990f682fe38d992e411",
        "type": "github"
      },
      "original": {
        "owner": "mohak34",
        "ref": "v0.1.28",
        "repo": "opencode-notifier",
        "type": "github"
      }
    },
    "pyproject-build-systems": {
      "inputs": {
        "nixpkgs": [
          "serena",
          "nixpkgs"
        ],
        "pyproject-nix": [
          "serena",
          "pyproject-nix"
        ],
        "uv2nix": [
          "serena",
          "uv2nix"
        ]
      },
      "locked": {
        "lastModified": 1786936886,
        "narHash": "sha256-8SFyOdmcG6Nsh/JzlH812lTI/v+ur06fpQhj/acNn8k=",
        "owner": "pyproject-nix",
        "repo": "build-system-pkgs",
        "rev": "90ffdeee1a4929b231913df067448cd9803d3e07",
        "type": "github"
      },
      "original": {
        "owner": "pyproject-nix",
        "repo": "build-system-pkgs",
        "type": "github"
      }
    },
    "pyproject-nix": {
      "inputs": {
        "nixpkgs": [
          "serena",
          "nixpkgs"
        ]
      },
      "locked": {
        "lastModified": 1786031528,
        "narHash": "sha256-cROiHKO3UbIKqF5FG5NikvydzlfIj4EcR1Cty9qOVt4=",
        "owner": "pyproject-nix",
        "repo": "pyproject.nix",
        "rev": "1b1485546d85f6f6c7aadb10c4923dbc09633263",
        "type": "github"
      },
      "original": {
        "owner": "pyproject-nix",
        "repo": "pyproject.nix",
        "type": "github"
      }
    },
    "root": {
      "inputs": {
        "bun2nix": "bun2nix",
        "macos-system-sounds": "macos-system-sounds",
        "nixpkgs": "nixpkgs",
        "nixpkgs-opencode": "nixpkgs-opencode",
        "opencode-anthropic-auth": "opencode-anthropic-auth",
        "opencode-notifier": "opencode-notifier",
        "serena": "serena"
      }
    },
    "serena": {
      "inputs": {
        "flake-utils": "flake-utils",
        "nixpkgs": [
          "nixpkgs"
        ],
        "pyproject-build-systems": "pyproject-build-systems",
        "pyproject-nix": "pyproject-nix",
        "uv2nix": "uv2nix"
      },
      "locked": {
        "lastModified": 1790073831,
        "narHash": "sha256-dJGAy36gVMTsmf+ySQXWFXbTYC1c1MXNqCRgg9nWtFg=",
        "owner": "oraios",
        "repo": "serena",
        "rev": "dc97aba74a5fa339d5b3b1a824ccf311b7db04a3",
        "type": "github"
      },
      "original": {
        "owner": "oraios",
        "ref": "main",
        "repo": "serena",
        "type": "github"
      }
    },
    "systems": {
      "locked": {
        "lastModified": 1776166891,
        "narHash": "sha256-bI8yrEGjrohR5hkQox7UrxDH7XqrYMwI8SL/LrJ1+S8=",
        "owner": "nix-systems",
        "repo": "triplet",
        "rev": "6de7bc09397911ce03636afbcf6118745ab2cda0",
        "type": "github"
      },
      "original": {
        "owner": "nix-systems",
        "repo": "triplet",
        "type": "github"
      }
    },
    "systems_2": {
      "locked": {
        "lastModified": 1681028828,
        "narHash": "sha256-Vy1rq5AaRuLzOxct8nz4T6wlgyUR7zLU309k9mBC768=",
        "owner": "nix-systems",
        "repo": "default",
        "rev": "da67096a3b9bf56a91d16901293e51ba5b49a27e",
        "type": "github"
      },
      "original": {
        "owner": "nix-systems",
        "repo": "default",
        "type": "github"
      }
    },
    "treefmt-nix": {
      "inputs": {
        "nixpkgs": [
          "bun2nix",
          "nixpkgs"
        ]
      },
      "locked": {
        "lastModified": 1784369104,
        "narHash": "sha256-47cxbcZODibHv3rELFQ9vZly0vUNkND/atn/U7HLeb0=",
        "owner": "numtide",
        "repo": "treefmt-nix",
        "rev": "df3c0640565d04a0261253cdd89fce78ec50168a",
        "type": "github"
      },
      "original": {
        "owner": "numtide",
        "repo": "treefmt-nix",
        "type": "github"
      }
    },
    "uv2nix": {
      "inputs": {
        "nixpkgs": [
          "serena",
          "nixpkgs"
        ],
        "pyproject-nix": [
          "serena",
          "pyproject-nix"
        ]
      },
      "locked": {
        "lastModified": 1786615403,
        "narHash": "sha256-U++y7nM/6xiEcWI7q4fQoPZjPvRaTwkSqzBOVoEBjUE=",
        "owner": "pyproject-nix",
        "repo": "uv2nix",
        "rev": "4b59abb2ae1896d2a0e1abfc47fbc9bf985ea730",
        "type": "github"
      },
      "original": {
        "owner": "pyproject-nix",
        "repo": "uv2nix",
        "type": "github"
      }
    }
  },
  "root": "root",
  "version": 7
}
