{
  "nodes": {
    "nixpkgs-2511": {
      "locked": {
        "lastModified": 1768242861,
        "narHash": "sha256-F4IIxa5xDHjtrmMcayM8lHctUq1oGltfBQu2+oqDWP4=",
        "owner": "NixOS",
        "repo": "nixpkgs",
        "rev": "1327e798cb055f96f92685df444e9a2c326ab5ed",
        "type": "github"
      },
      "original": {
        "owner": "NixOS",
        "ref": "nixos-25.11",
        "repo": "nixpkgs",
        "type": "github"
      }
    },
    "nixpkgs-unstable": {
      "locked": {
        "lastModified": 1770019141,
        "narHash": "sha256-VKS4ZLNx4PNrABoB0L8KUpc1fE7CLpQXQs985tGfaCU=",
        "owner": "NixOS",
        "repo": "nixpkgs",
        "rev": "cb369ef2efd432b3cdf8622b0ffc0a97a02f3137",
        "type": "github"
      },
      "original": {
        "owner": "NixOS",
        "ref": "nixos-unstable",
        "repo": "nixpkgs",
        "type": "github"
      }
    },
    "root": {
      "inputs": {
        "nixpkgs-2511": "nixpkgs-2511",
        "nixpkgs-unstable": "nixpkgs-unstable"
      }
    }
  },
  "root": "root",
  "version": 7
}
